
Microsoft Visual Studio Solution File, Format Version 12.00
# Visual Studio Version 16
VisualStudioVersion = 16.0.32228.343
MinimumVisualStudioVersion = 10.0.40219.1
Project("{9A19103F-16F7-4668-BE54-9A1E7A4F7556}") = "RiskOfRuinaMod", "RiskOfRuinaMod.csproj", "{B0F902BA-89B5-4A65-8BC7-EA78D64A44BD}"
EndProject
Global
	GlobalSection(SolutionConfigurationPlatforms) = preSolution
		Debug|Any CPU = Debug|Any CPU
		Release|Any CPU = Release|Any CPU
	EndGlobalSection
	GlobalSection(ProjectConfigurationPlatforms) = postSolution
		{B0F902BA-89B5-4A65-8BC7-EA78D64A44BD}.Debug|Any CPU.ActiveCfg = Debug|Any CPU
		{B0F902BA-89B5-4A65-8BC7-EA78D64A44BD}.Debug|Any CPU.Build.0 = Debug|Any CPU
		{B0F902BA-89B5-4A65-8BC7-EA78D64A44BD}.Release|Any CPU.ActiveCfg = Release|Any CPU
		{B0F902BA-89B5-4A65-8BC7-EA78D64A44BD}.Release|Any CPU.Build.0 = Release|Any CPU
	EndGlobalSection
	GlobalSection(SolutionProperties) = preSolution
		HideSolutionNode = FALSE
	EndGlobalSection
	GlobalSection(ExtensibilityGlobals) = postSolution
		SolutionGuid = {442A4A4E-9314-49AE-A270-9EB873887CE3}
	EndGlobalSection
EndGlobal
